// !$*UTF8*$!
{
	archiveVersion = 1;
	classes = {
	};
	objectVersion = 51;
	objects = {

/* Begin PBXBuildFile section */
		526F9C752630CD7C005567ED /* ViewControllerPromoBeneficios.swift in Sources */ = {isa = PBXBuildFile; fileRef = 526F9C742630CD7C005567ED /* ViewControllerPromoBeneficios.swift */; };
		5A810A89262E268300A26010 /* AppDelegate.swift in Sources */ = {isa = PBXBuildFile; fileRef = 5A810A88262E268300A26010 /* AppDelegate.swift */; };
		5A810A8B262E268300A26010 /* SceneDelegate.swift in Sources */ = {isa = PBXBuildFile; fileRef = 5A810A8A262E268300A26010 /* SceneDelegate.swift */; };
		5A810A8D262E268300A26010 /* ViewController.swift in Sources */ = {isa = PBXBuildFile; fileRef = 5A810A8C262E268300A26010 /* ViewController.swift */; };
		5A810A90262E268300A26010 /* Main.storyboard in Resources */ = {isa = PBXBuildFile; fileRef = 5A810A8E262E268300A26010 /* Main.storyboard */; };
		5A810A92262E268400A26010 /* Assets.xcassets in Resources */ = {isa = PBXBuildFile; fileRef = 5A810A91262E268400A26010 /* Assets.xcassets */; };
		5A810A95262E268400A26010 /* LaunchScreen.storyboard in Resources */ = {isa = PBXBuildFile; fileRef = 5A810A93262E268400A26010 /* LaunchScreen.storyboard */; };
		5A810AA0262E268400A26010 /* infoMarcoTests.swift in Sources */ = {isa = PBXBuildFile; fileRef = 5A810A9F262E268400A26010 /* infoMarcoTests.swift */; };
		5A810AAB262E268400A26010 /* infoMarcoUITests.swift in Sources */ = {isa = PBXBuildFile; fileRef = 5A810AAA262E268400A26010 /* infoMarcoUITests.swift */; };
		5A810ABC262E35E500A26010 /* ViewControllerEventos.swift in Sources */ = {isa = PBXBuildFile; fileRef = 5A810ABB262E35E500A26010 /* ViewControllerEventos.swift */; };
		5A8143CF2641E85C002463AA /* GoogleService-Info.plist in Resources */ = {isa = PBXBuildFile; fileRef = 5A8143CE2641E85C002463AA /* GoogleService-Info.plist */; };
		941B0F6B26311DC600C8018B /* ViewControllerInformacionPersonal.swift in Sources */ = {isa = PBXBuildFile; fileRef = 941B0F6A26311DC600C8018B /* ViewControllerInformacionPersonal.swift */; };
		941B0F7926313D1B00C8018B /* ViewControllerLectorEventos.swift in Sources */ = {isa = PBXBuildFile; fileRef = 941B0F7826313D1B00C8018B /* ViewControllerLectorEventos.swift */; };
		941B0F7E26313DDD00C8018B /* ViewControllerQRScanner.swift in Sources */ = {isa = PBXBuildFile; fileRef = 941B0F7D26313DDD00C8018B /* ViewControllerQRScanner.swift */; };
		D58ED8FBA9E1D37A549C093E /* Pods_infoMarco.framework in Frameworks */ = {isa = PBXBuildFile; fileRef = 1320BB179EBBD127C4466693 /* Pods_infoMarco.framework */; };
/* End PBXBuildFile section */

/* Begin PBXContainerItemProxy section */
		5A810A9C262E268400A26010 /* PBXContainerItemProxy */ = {
			isa = PBXContainerItemProxy;
			containerPortal = 5A810A7D262E268300A26010 /* Project object */;
			proxyType = 1;
			remoteGlobalIDString = 5A810A84262E268300A26010;
			remoteInfo = infoMarco;
		};
		5A810AA7262E268400A26010 /* PBXContainerItemProxy */ = {
			isa = PBXContainerItemProxy;
			containerPortal = 5A810A7D262E268300A26010 /* Project object */;
			proxyType = 1;
			remoteGlobalIDString = 5A810A84262E268300A26010;
			remoteInfo = infoMarco;
		};
/* End PBXContainerItemProxy section */

/* Begin PBXFileReference section */
		1320BB179EBBD127C4466693 /* Pods_infoMarco.framework */ = {isa = PBXFileReference; explicitFileType = wrapper.framework; includeInIndex = 0; path = Pods_infoMarco.framework; sourceTree = BUILT_PRODUCTS_DIR; };
		526F9C742630CD7C005567ED /* ViewControllerPromoBeneficios.swift */ = {isa = PBXFileReference; lastKnownFileType = sourcecode.swift; path = ViewControllerPromoBeneficios.swift; sourceTree = "<group>"; };
		5A810A85262E268300A26010 /* infoMarco.app */ = {isa = PBXFileReference; explicitFileType = wrapper.application; includeInIndex = 0; path = infoMarco.app; sourceTree = BUILT_PRODUCTS_DIR; };
		5A810A88262E268300A26010 /* AppDelegate.swift */ = {isa = PBXFileReference; lastKnownFileType = sourcecode.swift; path = AppDelegate.swift; sourceTree = "<group>"; };
		5A810A8A262E268300A26010 /* SceneDelegate.swift */ = {isa = PBXFileReference; lastKnownFileType = sourcecode.swift; path = SceneDelegate.swift; sourceTree = "<group>"; };
		5A810A8C262E268300A26010 /* ViewController.swift */ = {isa = PBXFileReference; lastKnownFileType = sourcecode.swift; path = ViewController.swift; sourceTree = "<group>"; };
		5A810A8F262E268300A26010 /* Base */ = {isa = PBXFileReference; lastKnownFileType = file.storyboard; name = Base; path = Base.lproj/Main.storyboard; sourceTree = "<group>"; };
		5A810A91262E268400A26010 /* Assets.xcassets */ = {isa = PBXFileReference; lastKnownFileType = folder.assetcatalog; path = Assets.xcassets; sourceTree = "<group>"; };
		5A810A94262E268400A26010 /* Base */ = {isa = PBXFileReference; lastKnownFileType = file.storyboard; name = Base; path = Base.lproj/LaunchScreen.storyboard; sourceTree = "<group>"; };
		5A810A96262E268400A26010 /* Info.plist */ = {isa = PBXFileReference; lastKnownFileType = text.plist.xml; path = Info.plist; sourceTree = "<group>"; };
		5A810A9B262E268400A26010 /* infoMarcoTests.xctest */ = {isa = PBXFileReference; explicitFileType = wrapper.cfbundle; includeInIndex = 0; path = infoMarcoTests.xctest; sourceTree = BUILT_PRODUCTS_DIR; };
		5A810A9F262E268400A26010 /* infoMarcoTests.swift */ = {isa = PBXFileReference; lastKnownFileType = sourcecode.swift; path = infoMarcoTests.swift; sourceTree = "<group>"; };
		5A810AA1262E268400A26010 /* Info.plist */ = {isa = PBXFileReference; lastKnownFileType = text.plist.xml; path = Info.plist; sourceTree = "<group>"; };
		5A810AA6262E268400A26010 /* infoMarcoUITests.xctest */ = {isa = PBXFileReference; explicitFileType = wrapper.cfbundle; includeInIndex = 0; path = infoMarcoUITests.xctest; sourceTree = BUILT_PRODUCTS_DIR; };
		5A810AAA262E268400A26010 /* infoMarcoUITests.swift */ = {isa = PBXFileReference; lastKnownFileType = sourcecode.swift; path = infoMarcoUITests.swift; sourceTree = "<group>"; };
		5A810AAC262E268400A26010 /* Info.plist */ = {isa = PBXFileReference; lastKnownFileType = text.plist.xml; path = Info.plist; sourceTree = "<group>"; };
		5A810ABB262E35E500A26010 /* ViewControllerEventos.swift */ = {isa = PBXFileReference; lastKnownFileType = sourcecode.swift; path = ViewControllerEventos.swift; sourceTree = "<group>"; };
		5A8143CE2641E85C002463AA /* GoogleService-Info.plist */ = {isa = PBXFileReference; fileEncoding = 4; lastKnownFileType = text.plist.xml; path = "GoogleService-Info.plist"; sourceTree = "<group>"; };
		7893CBCBDE35205DD116ABCB /* Pods-infoMarco.release.xcconfig */ = {isa = PBXFileReference; includeInIndex = 1; lastKnownFileType = text.xcconfig; name = "Pods-infoMarco.release.xcconfig"; path = "Target Support Files/Pods-infoMarco/Pods-infoMarco.release.xcconfig"; sourceTree = "<group>"; };
		941B0F6A26311DC600C8018B /* ViewControllerInformacionPersonal.swift */ = {isa = PBXFileReference; lastKnownFileType = sourcecode.swift; path = ViewControllerInformacionPersonal.swift; sourceTree = "<group>"; };
		941B0F7826313D1B00C8018B /* ViewControllerLectorEventos.swift */ = {isa = PBXFileReference; lastKnownFileType = sourcecode.swift; path = ViewControllerLectorEventos.swift; sourceTree = "<group>"; };
		941B0F7D26313DDD00C8018B /* ViewControllerQRScanner.swift */ = {isa = PBXFileReference; lastKnownFileType = sourcecode.swift; path = ViewControllerQRScanner.swift; sourceTree = "<group>"; };
		AFF122A7B713C18E81DB858C /* Pods-infoMarco.debug.xcconfig */ = {isa = PBXFileReference; includeInIndex = 1; lastKnownFileType = text.xcconfig; name = "Pods-infoMarco.debug.xcconfig"; path = "Target Support Files/Pods-infoMarco/Pods-infoMarco.debug.xcconfig"; sourceTree = "<group>"; };
/* End PBXFileReference section */

/* Begin PBXFrameworksBuildPhase section */
		5A810A82262E268300A26010 /* Frameworks */ = {
			isa = PBXFrameworksBuildPhase;
			buildActionMask = 2147483647;
			files = (
				D58ED8FBA9E1D37A549C093E /* Pods_infoMarco.framework in Frameworks */,
			);
			runOnlyForDeploymentPostprocessing = 0;
		};
		5A810A98262E268400A26010 /* Frameworks */ = {
			isa = PBXFrameworksBuildPhase;
			buildActionMask = 2147483647;
			files = (
			);
			runOnlyForDeploymentPostprocessing = 0;
		};
		5A810AA3262E268400A26010 /* Frameworks */ = {
			isa = PBXFrameworksBuildPhase;
			buildActionMask = 2147483647;
			files = (
			);
			runOnlyForDeploymentPostprocessing = 0;
		};
/* End PBXFrameworksBuildPhase section */

/* Begin PBXGroup section */
		5A810A7C262E268300A26010 = {
			isa = PBXGroup;
			children = (
				5A810A87262E268300A26010 /* infoMarco */,
				5A810A9E262E268400A26010 /* infoMarcoTests */,
				5A810AA9262E268400A26010 /* infoMarcoUITests */,
				5A810A86262E268300A26010 /* Products */,
				8555028448811545C44FF968 /* Pods */,
				BA0D44A652AFDA2F3C28CCC7 /* Frameworks */,
			);
			sourceTree = "<group>";
		};
		5A810A86262E268300A26010 /* Products */ = {
			isa = PBXGroup;
			children = (
				5A810A85262E268300A26010 /* infoMarco.app */,
				5A810A9B262E268400A26010 /* infoMarcoTests.xctest */,
				5A810AA6262E268400A26010 /* infoMarcoUITests.xctest */,
			);
			name = Products;
			sourceTree = "<group>";
		};
		5A810A87262E268300A26010 /* infoMarco */ = {
			isa = PBXGroup;
			children = (
				5A810A88262E268300A26010 /* AppDelegate.swift */,
				5A810A8A262E268300A26010 /* SceneDelegate.swift */,
				5A810A8C262E268300A26010 /* ViewController.swift */,
				5A810A8E262E268300A26010 /* Main.storyboard */,
				941B0F7D26313DDD00C8018B /* ViewControllerQRScanner.swift */,
				941B0F7826313D1B00C8018B /* ViewControllerLectorEventos.swift */,
				5A8143CE2641E85C002463AA /* GoogleService-Info.plist */,
				941B0F6A26311DC600C8018B /* ViewControllerInformacionPersonal.swift */,
				5A810ABB262E35E500A26010 /* ViewControllerEventos.swift */,
				5A810A91262E268400A26010 /* Assets.xcassets */,
				5A810A93262E268400A26010 /* LaunchScreen.storyboard */,
				5A810A96262E268400A26010 /* Info.plist */,
				526F9C742630CD7C005567ED /* ViewControllerPromoBeneficios.swift */,
			);
			path = infoMarco;
			sourceTree = "<group>";
		};
		5A810A9E262E268400A26010 /* infoMarcoTests */ = {
			isa = PBXGroup;
			children = (
				5A810A9F262E268400A26010 /* infoMarcoTests.swift */,
				5A810AA1262E268400A26010 /* Info.plist */,
			);
			path = infoMarcoTests;
			sourceTree = "<group>";
		};
		5A810AA9262E268400A26010 /* infoMarcoUITests */ = {
			isa = PBXGroup;
			children = (
				5A810AAA262E268400A26010 /* infoMarcoUITests.swift */,
				5A810AAC262E268400A26010 /* Info.plist */,
			);
			path = infoMarcoUITests;
			sourceTree = "<group>";
		};
		8555028448811545C44FF968 /* Pods */ = {
			isa = PBXGroup;
			children = (
				AFF122A7B713C18E81DB858C /* Pods-infoMarco.debug.xcconfig */,
				7893CBCBDE35205DD116ABCB /* Pods-infoMarco.release.xcconfig */,
			);
			path = Pods;
			sourceTree = "<group>";
		};
		BA0D44A652AFDA2F3C28CCC7 /* Frameworks */ = {
			isa = PBXGroup;
			children = (
				1320BB179EBBD127C4466693 /* Pods_infoMarco.framework */,
			);
			name = Frameworks;
			sourceTree = "<group>";
		};
/* End PBXGroup section */

/* Begin PBXNativeTarget section */
		5A810A84262E268300A26010 /* infoMarco */ = {
			isa = PBXNativeTarget;
			buildConfigurationList = 5A810AAF262E268400A26010 /* Build configuration list for PBXNativeTarget "infoMarco" */;
			buildPhases = (
				2A802FBCB187098C58FFE1E4 /* [CP] Check Pods Manifest.lock */,
				5A810A81262E268300A26010 /* Sources */,
				5A810A82262E268300A26010 /* Frameworks */,
				5A810A83262E268300A26010 /* Resources */,
				24AE557E383552F177068A23 /* [CP] Embed Pods Frameworks */,
				D221EC4F1B6F692542BB69EC /* [CP] Copy Pods Resources */,
			);
			buildRules = (
			);
			dependencies = (
			);
			name = infoMarco;
			productName = infoMarco;
			productReference = 5A810A85262E268300A26010 /* infoMarco.app */;
			productType = "com.apple.product-type.application";
		};
		5A810A9A262E268400A26010 /* infoMarcoTests */ = {
			isa = PBXNativeTarget;
			buildConfigurationList = 5A810AB2262E268400A26010 /* Build configuration list for PBXNativeTarget "infoMarcoTests" */;
			buildPhases = (
				5A810A97262E268400A26010 /* Sources */,
				5A810A98262E268400A26010 /* Frameworks */,
				5A810A99262E268400A26010 /* Resources */,
			);
			buildRules = (
			);
			dependencies = (
				5A810A9D262E268400A26010 /* PBXTargetDependency */,
			);
			name = infoMarcoTests;
			productName = infoMarcoTests;
			productReference = 5A810A9B262E268400A26010 /* infoMarcoTests.xctest */;
			productType = "com.apple.product-type.bundle.unit-test";
		};
		5A810AA5262E268400A26010 /* infoMarcoUITests */ = {
			isa = PBXNativeTarget;
			buildConfigurationList = 5A810AB5262E268400A26010 /* Build configuration list for PBXNativeTarget "infoMarcoUITests" */;
			buildPhases = (
				5A810AA2262E268400A26010 /* Sources */,
				5A810AA3262E268400A26010 /* Frameworks */,
				5A810AA4262E268400A26010 /* Resources */,
			);
			buildRules = (
			);
			dependencies = (
				5A810AA8262E268400A26010 /* PBXTargetDependency */,
			);
			name = infoMarcoUITests;
			productName = infoMarcoUITests;
			productReference = 5A810AA6262E268400A26010 /* infoMarcoUITests.xctest */;
			productType = "com.apple.product-type.bundle.ui-testing";
		};
/* End PBXNativeTarget section */

/* Begin PBXProject section */
		5A810A7D262E268300A26010 /* Project object */ = {
			isa = PBXProject;
			attributes = {
				LastSwiftUpdateCheck = 1240;
				LastUpgradeCheck = 1240;
				TargetAttributes = {
					5A810A84262E268300A26010 = {
						CreatedOnToolsVersion = 12.4;
					};
					5A810A9A262E268400A26010 = {
						CreatedOnToolsVersion = 12.4;
						TestTargetID = 5A810A84262E268300A26010;
					};
					5A810AA5262E268400A26010 = {
						CreatedOnToolsVersion = 12.4;
						TestTargetID = 5A810A84262E268300A26010;
					};
				};
			};
			buildConfigurationList = 5A810A80262E268300A26010 /* Build configuration list for PBXProject "infoMarco" */;
			compatibilityVersion = "Xcode 9.3";
			developmentRegion = en;
			hasScannedForEncodings = 0;
			knownRegions = (
				en,
				Base,
			);
			mainGroup = 5A810A7C262E268300A26010;
			productRefGroup = 5A810A86262E268300A26010 /* Products */;
			projectDirPath = "";
			projectRoot = "";
			targets = (
				5A810A84262E268300A26010 /* infoMarco */,
				5A810A9A262E268400A26010 /* infoMarcoTests */,
				5A810AA5262E268400A26010 /* infoMarcoUITests */,
			);
		};
/* End PBXProject section */

/* Begin PBXResourcesBuildPhase section */
		5A810A83262E268300A26010 /* Resources */ = {
			isa = PBXResourcesBuildPhase;
			buildActionMask = 2147483647;
			files = (
				5A810A95262E268400A26010 /* LaunchScreen.storyboard in Resources */,
				5A8143CF2641E85C002463AA /* GoogleService-Info.plist in Resources */,
				5A810A92262E268400A26010 /* Assets.xcassets in Resources */,
				5A810A90262E268300A26010 /* Main.storyboard in Resources */,
			);
			runOnlyForDeploymentPostprocessing = 0;
		};
		5A810A99262E268400A26010 /* Resources */ = {
			isa = PBXResourcesBuildPhase;
			buildActionMask = 2147483647;
			files = (
			);
			runOnlyForDeploymentPostprocessing = 0;
		};
		5A810AA4262E268400A26010 /* Resources */ = {
			isa = PBXResourcesBuildPhase;
			buildActionMask = 2147483647;
			files = (
			);
			runOnlyForDeploymentPostprocessing = 0;
		};
/* End PBXResourcesBuildPhase section */

/* Begin PBXShellScriptBuildPhase section */
		24AE557E383552F177068A23 /* [CP] Embed Pods Frameworks */ = {
			isa = PBXShellScriptBuildPhase;
			buildActionMask = 2147483647;
			files = (
			);
			inputFileListPaths = (
				"${PODS_ROOT}/Target Support Files/Pods-infoMarco/Pods-infoMarco-frameworks-${CONFIGURATION}-input-files.xcfilelist",
			);
			name = "[CP] Embed Pods Frameworks";
			outputFileListPaths = (
				"${PODS_ROOT}/Target Support Files/Pods-infoMarco/Pods-infoMarco-frameworks-${CONFIGURATION}-output-files.xcfilelist",
			);
			runOnlyForDeploymentPostprocessing = 0;
			shellPath = /bin/sh;
			shellScript = "\"${PODS_ROOT}/Target Support Files/Pods-infoMarco/Pods-infoMarco-frameworks.sh\"\n";
			showEnvVarsInLog = 0;
		};
		2A802FBCB187098C58FFE1E4 /* [CP] Check Pods Manifest.lock */ = {
			isa = PBXShellScriptBuildPhase;
			buildActionMask = 2147483647;
			files = (
			);
			inputFileListPaths = (
			);
			inputPaths = (
				"${PODS_PODFILE_DIR_PATH}/Podfile.lock",
				"${PODS_ROOT}/Manifest.lock",
			);
			name = "[CP] Check Pods Manifest.lock";
			outputFileListPaths = (
			);
			outputPaths = (
				"$(DERIVED_FILE_DIR)/Pods-infoMarco-checkManifestLockResult.txt",
			);
			runOnlyForDeploymentPostprocessing = 0;
			shellPath = /bin/sh;
			shellScript = "diff \"${PODS_PODFILE_DIR_PATH}/Podfile.lock\" \"${PODS_ROOT}/Manifest.lock\" > /dev/null\nif [ $? != 0 ] ; then\n    # print error to STDERR\n    echo \"error: The sandbox is not in sync with the Podfile.lock. Run 'pod install' or update your CocoaPods installation.\" >&2\n    exit 1\nfi\n# This output is used by Xcode 'outputs' to avoid re-running this script phase.\necho \"SUCCESS\" > \"${SCRIPT_OUTPUT_FILE_0}\"\n";
			showEnvVarsInLog = 0;
		};
		D221EC4F1B6F692542BB69EC /* [CP] Copy Pods Resources */ = {
			isa = PBXShellScriptBuildPhase;
			buildActionMask = 2147483647;
			files = (
			);
			inputFileListPaths = (
				"${PODS_ROOT}/Target Support Files/Pods-infoMarco/Pods-infoMarco-resources-${CONFIGURATION}-input-files.xcfilelist",
			);
			name = "[CP] Copy Pods Resources";
			outputFileListPaths = (
				"${PODS_ROOT}/Target Support Files/Pods-infoMarco/Pods-infoMarco-resources-${CONFIGURATION}-output-files.xcfilelist",
			);
			runOnlyForDeploymentPostprocessing = 0;
			shellPath = /bin/sh;
			shellScript = "\"${PODS_ROOT}/Target Support Files/Pods-infoMarco/Pods-infoMarco-resources.sh\"\n";
			showEnvVarsInLog = 0;
		};
/* End PBXShellScriptBuildPhase section */

/* Begin PBXSourcesBuildPhase section */
		5A810A81262E268300A26010 /* Sources */ = {
			isa = PBXSourcesBuildPhase;
			buildActionMask = 2147483647;
			files = (
				941B0F7E26313DDD00C8018B /* ViewControllerQRScanner.swift in Sources */,
				941B0F7926313D1B00C8018B /* ViewControllerLectorEventos.swift in Sources */,
				5A810A8D262E268300A26010 /* ViewController.swift in Sources */,
				941B0F6B26311DC600C8018B /* ViewControllerInformacionPersonal.swift in Sources */,
				5A810ABC262E35E500A26010 /* ViewControllerEventos.swift in Sources */,
				526F9C752630CD7C005567ED /* ViewControllerPromoBeneficios.swift in Sources */,
				5A810A89262E268300A26010 /* AppDelegate.swift in Sources */,
				5A810A8B262E268300A26010 /* SceneDelegate.swift in Sources */,
			);
			runOnlyForDeploymentPostprocessing = 0;
		};
		5A810A97262E268400A26010 /* Sources */ = {
			isa = PBXSourcesBuildPhase;
			buildActionMask = 2147483647;
			files = (
				5A810AA0262E268400A26010 /* infoMarcoTests.swift in Sources */,
			);
			runOnlyForDeploymentPostprocessing = 0;
		};
		5A810AA2262E268400A26010 /* Sources */ = {
			isa = PBXSourcesBuildPhase;
			buildActionMask = 2147483647;
			files = (
				5A810AAB262E268400A26010 /* infoMarcoUITests.swift in Sources */,
			);
			runOnlyForDeploymentPostprocessing = 0;
		};
/* End PBXSourcesBuildPhase section */

/* Begin PBXTargetDependency section */
		5A810A9D262E268400A26010 /* PBXTargetDependency */ = {
			isa = PBXTargetDependency;
			target = 5A810A84262E268300A26010 /* infoMarco */;
			targetProxy = 5A810A9C262E268400A26010 /* PBXContainerItemProxy */;
		};
		5A810AA8262E268400A26010 /* PBXTargetDependency */ = {
			isa = PBXTargetDependency;
			target = 5A810A84262E268300A26010 /* infoMarco */;
			targetProxy = 5A810AA7262E268400A26010 /* PBXContainerItemProxy */;
		};
/* End PBXTargetDependency section */

/* Begin PBXVariantGroup section */
		5A810A8E262E268300A26010 /* Main.storyboard */ = {
			isa = PBXVariantGroup;
			children = (
				5A810A8F262E268300A26010 /* Base */,
			);
			name = Main.storyboard;
			sourceTree = "<group>";
		};
		5A810A93262E268400A26010 /* LaunchScreen.storyboard */ = {
			isa = PBXVariantGroup;
			children = (
				5A810A94262E268400A26010 /* Base */,
			);
			name = LaunchScreen.storyboard;
			sourceTree = "<group>";
		};
/* End PBXVariantGroup section */

/* Begin XCBuildConfiguration section */
		5A810AAD262E268400A26010 /* Debug */ = {
			isa = XCBuildConfiguration;
			buildSettings = {
				ALWAYS_SEARCH_USER_PATHS = NO;
				CLANG_ANALYZER_NONNULL = YES;
				CLANG_ANALYZER_NUMBER_OBJECT_CONVERSION = YES_AGGRESSIVE;
				CLANG_CXX_LANGUAGE_STANDARD = "gnu++14";
				CLANG_CXX_LIBRARY = "libc++";
				CLANG_ENABLE_MODULES = YES;
				CLANG_ENABLE_OBJC_ARC = YES;
				CLANG_ENABLE_OBJC_WEAK = YES;
				CLANG_WARN_BLOCK_CAPTURE_AUTORELEASING = YES;
				CLANG_WARN_BOOL_CONVERSION = YES;
				CLANG_WARN_COMMA = YES;
				CLANG_WARN_CONSTANT_CONVERSION = YES;
				CLANG_WARN_DEPRECATED_OBJC_IMPLEMENTATIONS = YES;
				CLANG_WARN_DIRECT_OBJC_ISA_USAGE = YES_ERROR;
				CLANG_WARN_DOCUMENTATION_COMMENTS = YES;
				CLANG_WARN_EMPTY_BODY = YES;
				CLANG_WARN_ENUM_CONVERSION = YES;
				CLANG_WARN_INFINITE_RECURSION = YES;
				CLANG_WARN_INT_CONVERSION = YES;
				CLANG_WARN_NON_LITERAL_NULL_CONVERSION = YES;
				CLANG_WARN_OBJC_IMPLICIT_RETAIN_SELF = YES;
				CLANG_WARN_OBJC_LITERAL_CONVERSION = YES;
				CLANG_WARN_OBJC_ROOT_CLASS = YES_ERROR;
				CLANG_WARN_QUOTED_INCLUDE_IN_FRAMEWORK_HEADER = YES;
				CLANG_WARN_RANGE_LOOP_ANALYSIS = YES;
				CLANG_WARN_STRICT_PROTOTYPES = YES;
				CLANG_WARN_SUSPICIOUS_MOVE = YES;
				CLANG_WARN_UNGUARDED_AVAILABILITY = YES_AGGRESSIVE;
				CLANG_WARN_UNREACHABLE_CODE = YES;
				CLANG_WARN__DUPLICATE_METHOD_MATCH = YES;
				COPY_PHASE_STRIP = NO;
				DEBUG_INFORMATION_FORMAT = dwarf;
				ENABLE_STRICT_OBJC_MSGSEND = YES;
				ENABLE_TESTABILITY = YES;
				GCC_C_LANGUAGE_STANDARD = gnu11;
				GCC_DYNAMIC_NO_PIC = NO;
				GCC_NO_COMMON_BLOCKS = YES;
				GCC_OPTIMIZATION_LEVEL = 0;
				GCC_PREPROCESSOR_DEFINITIONS = (
					"DEBUG=1",
					"$(inherited)",
				);
				GCC_WARN_64_TO_32_BIT_CONVERSION = YES;
				GCC_WARN_ABOUT_RETURN_TYPE = YES_ERROR;
				GCC_WARN_UNDECLARED_SELECTOR = YES;
				GCC_WARN_UNINITIALIZED_AUTOS = YES_AGGRESSIVE;
				GCC_WARN_UNUSED_FUNCTION = YES;
				GCC_WARN_UNUSED_VARIABLE = YES;
				IPHONEOS_DEPLOYMENT_TARGET = 14.4;
				MTL_ENABLE_DEBUG_INFO = INCLUDE_SOURCE;
				MTL_FAST_MATH = YES;
				ONLY_ACTIVE_ARCH = YES;
				SDKROOT = iphoneos;
				SWIFT_ACTIVE_COMPILATION_CONDITIONS = DEBUG;
				SWIFT_OPTIMIZATION_LEVEL = "-Onone";
			};
			name = Debug;
		};
		5A810AAE262E268400A26010 /* Release */ = {
			isa = XCBuildConfiguration;
			buildSettings = {
				ALWAYS_SEARCH_USER_PATHS = NO;
				CLANG_ANALYZER_NONNULL = YES;
				CLANG_ANALYZER_NUMBER_OBJECT_CONVERSION = YES_AGGRESSIVE;
				CLANG_CXX_LANGUAGE_STANDARD = "gnu++14";
				CLANG_CXX_LIBRARY = "libc++";
				CLANG_ENABLE_MODULES = YES;
				CLANG_ENABLE_OBJC_ARC = YES;
				CLANG_ENABLE_OBJC_WEAK = YES;
				CLANG_WARN_BLOCK_CAPTURE_AUTORELEASING = YES;
				CLANG_WARN_BOOL_CONVERSION = YES;
				CLANG_WARN_COMMA = YES;
				CLANG_WARN_CONSTANT_CONVERSION = YES;
				CLANG_WARN_DEPRECATED_OBJC_IMPLEMENTATIONS = YES;
				CLANG_WARN_DIRECT_OBJC_ISA_USAGE = YES_ERROR;
				CLANG_WARN_DOCUMENTATION_COMMENTS = YES;
				CLANG_WARN_EMPTY_BODY = YES;
				CLANG_WARN_ENUM_CONVERSION = YES;
				CLANG_WARN_INFINITE_RECURSION = YES;
				CLANG_WARN_INT_CONVERSION = YES;
				CLANG_WARN_NON_LITERAL_NULL_CONVERSION = YES;
				CLANG_WARN_OBJC_IMPLICIT_RETAIN_SELF = YES;
				CLANG_WARN_OBJC_LITERAL_CONVERSION = YES;
				CLANG_WARN_OBJC_ROOT_CLASS = YES_ERROR;
				CLANG_WARN_QUOTED_INCLUDE_IN_FRAMEWORK_HEADER = YES;
				CLANG_WARN_RANGE_LOOP_ANALYSIS = YES;
				CLANG_WARN_STRICT_PROTOTYPES = YES;
				CLANG_WARN_SUSPICIOUS_MOVE = YES;
				CLANG_WARN_UNGUARDED_AVAILABILITY = YES_AGGRESSIVE;
				CLANG_WARN_UNREACHABLE_CODE = YES;
				CLANG_WARN__DUPLICATE_METHOD_MATCH = YES;
				COPY_PHASE_STRIP = NO;
				DEBUG_INFORMATION_FORMAT = "dwarf-with-dsym";
				ENABLE_NS_ASSERTIONS = NO;
				ENABLE_STRICT_OBJC_MSGSEND = YES;
				GCC_C_LANGUAGE_STANDARD = gnu11;
				GCC_NO_COMMON_BLOCKS = YES;
				GCC_WARN_64_TO_32_BIT_CONVERSION = YES;
				GCC_WARN_ABOUT_RETURN_TYPE = YES_ERROR;
				GCC_WARN_UNDECLARED_SELECTOR = YES;
				GCC_WARN_UNINITIALIZED_AUTOS = YES_AGGRESSIVE;
				GCC_WARN_UNUSED_FUNCTION = YES;
				GCC_WARN_UNUSED_VARIABLE = YES;
				IPHONEOS_DEPLOYMENT_TARGET = 14.4;
				MTL_ENABLE_DEBUG_INFO = NO;
				MTL_FAST_MATH = YES;
				SDKROOT = iphoneos;
				SWIFT_COMPILATION_MODE = wholemodule;
				SWIFT_OPTIMIZATION_LEVEL = "-O";
				VALIDATE_PRODUCT = YES;
			};
			name = Release;
		};
		5A810AB0262E268400A26010 /* Debug */ = {
			isa = XCBuildConfiguration;
			baseConfigurationReference = AFF122A7B713C18E81DB858C /* Pods-infoMarco.debug.xcconfig */;
			buildSettings = {
				ASSETCATALOG_COMPILER_APPICON_NAME = AppIcon;
				ASSETCATALOG_COMPILER_GLOBAL_ACCENT_COLOR_NAME = AccentColor;
				CODE_SIGN_STYLE = Automatic;
				DEVELOPMENT_TEAM = 6J345HLT3T;
				INFOPLIST_FILE = infoMarco/Info.plist;
				LD_RUNPATH_SEARCH_PATHS = (
					"$(inherited)",
					"@executable_path/Frameworks",
				);
				PRODUCT_BUNDLE_IDENTIFIER = Tec.demoProtocolos;
				PRODUCT_NAME = "$(TARGET_NAME)";
				SWIFT_VERSION = 5.0;
				TARGETED_DEVICE_FAMILY = "1,2";
			};
			name = Debug;
		};
		5A810AB1262E268400A26010 /* Release */ = {
			isa = XCBuildConfiguration;
			baseConfigurationReference = 7893CBCBDE35205DD116ABCB /* Pods-infoMarco.release.xcconfig */;
			buildSettings = {
				ASSETCATALOG_COMPILER_APPICON_NAME = AppIcon;
				ASSETCATALOG_COMPILER_GLOBAL_ACCENT_COLOR_NAME = AccentColor;
				CODE_SIGN_STYLE = Automatic;
				DEVELOPMENT_TEAM = 6J345HLT3T;
				INFOPLIST_FILE = infoMarco/Info.plist;
				LD_RUNPATH_SEARCH_PATHS = (
					"$(inherited)",
					"@executable_path/Frameworks",
				);
				PRODUCT_BUNDLE_IDENTIFIER = Tec.demoProtocolos;
				PRODUCT_NAME = "$(TARGET_NAME)";
				SWIFT_VERSION = 5.0;
				TARGETED_DEVICE_FAMILY = "1,2";
			};
			name = Release;
		};
		5A810AB3262E268400A26010 /* Debug */ = {
			isa = XCBuildConfiguration;
			buildSettings = {
				ALWAYS_EMBED_SWIFT_STANDARD_LIBRARIES = YES;
				BUNDLE_LOADER = "$(TEST_HOST)";
				CODE_SIGN_STYLE = Automatic;
				DEVELOPMENT_TEAM = C693QG82U6;
				INFOPLIST_FILE = infoMarcoTests/Info.plist;
				IPHONEOS_DEPLOYMENT_TARGET = 14.4;
				LD_RUNPATH_SEARCH_PATHS = (
					"$(inherited)",
					"@executable_path/Frameworks",
					"@loader_path/Frameworks",
				);
				PRODUCT_BUNDLE_IDENTIFIER = ITESM.infoMarcoTests;
				PRODUCT_NAME = "$(TARGET_NAME)";
				SWIFT_VERSION = 5.0;
				TARGETED_DEVICE_FAMILY = "1,2";
				TEST_HOST = "$(BUILT_PRODUCTS_DIR)/infoMarco.app/infoMarco";
			};
			name = Debug;
		};
		5A810AB4262E268400A26010 /* Release */ = {
			isa = XCBuildConfiguration;
			buildSettings = {
				ALWAYS_EMBED_SWIFT_STANDARD_LIBRARIES = YES;
				BUNDLE_LOADER = "$(TEST_HOST)";
				CODE_SIGN_STYLE = Automatic;
				DEVELOPMENT_TEAM = C693QG82U6;
				INFOPLIST_FILE = infoMarcoTests/Info.plist;
				IPHONEOS_DEPLOYMENT_TARGET = 14.4;
				LD_RUNPATH_SEARCH_PATHS = (
					"$(inherited)",
					"@executable_path/Frameworks",
					"@loader_path/Frameworks",
				);
				PRODUCT_BUNDLE_IDENTIFIER = ITESM.infoMarcoTests;
				PRODUCT_NAME = "$(TARGET_NAME)";
				SWIFT_VERSION = 5.0;
				TARGETED_DEVICE_FAMILY = "1,2";
				TEST_HOST = "$(BUILT_PRODUCTS_DIR)/infoMarco.app/infoMarco";
			};
			name = Release;
		};
		5A810AB6262E268400A26010 /* Debug */ = {
			isa = XCBuildConfiguration;
			buildSettings = {
				ALWAYS_EMBED_SWIFT_STANDARD_LIBRARIES = YES;
				CODE_SIGN_STYLE = Automatic;
				DEVELOPMENT_TEAM = C693QG82U6;
				INFOPLIST_FILE = infoMarcoUITests/Info.plist;
				LD_RUNPATH_SEARCH_PATHS = (
					"$(inherited)",
					"@executable_path/Frameworks",
					"@loader_path/Frameworks",
				);
				PRODUCT_BUNDLE_IDENTIFIER = ITESM.infoMarcoUITests;
				PRODUCT_NAME = "$(TARGET_NAME)";
				SWIFT_VERSION = 5.0;
				TARGETED_DEVICE_FAMILY = "1,2";
				TEST_TARGET_NAME = infoMarco;
			};
			name = Debug;
		};
		5A810AB7262E268400A26010 /* Release */ = {
			isa = XCBuildConfiguration;
			buildSettings = {
				ALWAYS_EMBED_SWIFT_STANDARD_LIBRARIES = YES;
				CODE_SIGN_STYLE = Automatic;
				DEVELOPMENT_TEAM = C693QG82U6;
				INFOPLIST_FILE = infoMarcoUITests/Info.plist;
				LD_RUNPATH_SEARCH_PATHS = (
					"$(inherited)",
					"@executable_path/Frameworks",
					"@loader_path/Frameworks",
				);
				PRODUCT_BUNDLE_IDENTIFIER = ITESM.infoMarcoUITests;
				PRODUCT_NAME = "$(TARGET_NAME)";
				SWIFT_VERSION = 5.0;
				TARGETED_DEVICE_FAMILY = "1,2";
				TEST_TARGET_NAME = infoMarco;
			};
			name = Release;
		};
/* End XCBuildConfiguration section */

/* Begin XCConfigurationList section */
		5A810A80262E268300A26010 /* Build configuration list for PBXProject "infoMarco" */ = {
			isa = XCConfigurationList;
			buildConfigurations = (
				5A810AAD262E268400A26010 /* Debug */,
				5A810AAE262E268400A26010 /* Release */,
			);
			defaultConfigurationIsVisible = 0;
			defaultConfigurationName = Release;
		};
		5A810AAF262E268400A26010 /* Build configuration list for PBXNativeTarget "infoMarco" */ = {
			isa = XCConfigurationList;
			buildConfigurations = (
				5A810AB0262E268400A26010 /* Debug */,
				5A810AB1262E268400A26010 /* Release */,
			);
			defaultConfigurationIsVisible = 0;
			defaultConfigurationName = Release;
		};
		5A810AB2262E268400A26010 /* Build configuration list for PBXNativeTarget "infoMarcoTests" */ = {
			isa = XCConfigurationList;
			buildConfigurations = (
				5A810AB3262E268400A26010 /* Debug */,
				5A810AB4262E268400A26010 /* Release */,
			);
			defaultConfigurationIsVisible = 0;
			defaultConfigurationName = Release;
		};
		5A810AB5262E268400A26010 /* Build configuration list for PBXNativeTarget "infoMarcoUITests" */ = {
			isa = XCConfigurationList;
			buildConfigurations = (
				5A810AB6262E268400A26010 /* Debug */,
				5A810AB7262E268400A26010 /* Release */,
			);
			defaultConfigurationIsVisible = 0;
			defaultConfigurationName = Release;
		};
/* End XCConfigurationList section */
	};
	rootObject = 5A810A7D262E268300A26010 /* Project object */;
}
