// !$*UTF8*$!
{
	archiveVersion = 1;
	classes = {
	};
	objectVersion = 50;
	objects = {

/* Begin PBXBuildFile section */
		5216A83D2652B69A00C0850C /* PromocionesyBeneficios.swift in Sources */ = {isa = PBXBuildFile; fileRef = 5216A83C2652B69A00C0850C /* PromocionesyBeneficios.swift */; };
		5216A8422652B96800C0850C /* TableViewCellPromocionesyBeneficios.swift in Sources */ = {isa = PBXBuildFile; fileRef = 5216A8412652B96800C0850C /* TableViewCellPromocionesyBeneficios.swift */; };
		5216A8472652C4C900C0850C /* Noticia.swift in Sources */ = {isa = PBXBuildFile; fileRef = 5216A8462652C4C900C0850C /* Noticia.swift */; };
		5216A84C2652C76C00C0850C /* TableViewCellNoticias.swift in Sources */ = {isa = PBXBuildFile; fileRef = 5216A84B2652C76C00C0850C /* TableViewCellNoticias.swift */; };
		5216A8512652D72300C0850C /* Eventos.swift in Sources */ = {isa = PBXBuildFile; fileRef = 5216A8502652D72200C0850C /* Eventos.swift */; };
		5216A8562652D7E500C0850C /* TableViewCellEventos.swift in Sources */ = {isa = PBXBuildFile; fileRef = 5216A8552652D7E500C0850C /* TableViewCellEventos.swift */; };
		526F9C752630CD7C005567ED /* ViewControllerPromoBeneficios.swift in Sources */ = {isa = PBXBuildFile; fileRef = 526F9C742630CD7C005567ED /* ViewControllerPromoBeneficios.swift */; };
		5A51EE4E2650A29E0051E11B /* ViewControllerAdminPublicarEvento.swift in Sources */ = {isa = PBXBuildFile; fileRef = 5A51EE4D2650A29E0051E11B /* ViewControllerAdminPublicarEvento.swift */; };
		5A51EE532650A9750051E11B /* ViewControllerAdminNoticias.swift in Sources */ = {isa = PBXBuildFile; fileRef = 5A51EE522650A9750051E11B /* ViewControllerAdminNoticias.swift */; };
		5A51EE582650A9EA0051E11B /* ViewControllerAdminNoticiasDetalle.swift in Sources */ = {isa = PBXBuildFile; fileRef = 5A51EE572650A9EA0051E11B /* ViewControllerAdminNoticiasDetalle.swift */; };
		5A51EE5D2650AC2B0051E11B /* ViewControllerAdminPromoBeneficios.swift in Sources */ = {isa = PBXBuildFile; fileRef = 5A51EE5C2650AC2B0051E11B /* ViewControllerAdminPromoBeneficios.swift */; };
		5A51EE622650AF140051E11B /* ViewControllerAdminPromosBeneficiosDetalle.swift in Sources */ = {isa = PBXBuildFile; fileRef = 5A51EE612650AF140051E11B /* ViewControllerAdminPromosBeneficiosDetalle.swift */; };
		5A810A89262E268300A26010 /* AppDelegate.swift in Sources */ = {isa = PBXBuildFile; fileRef = 5A810A88262E268300A26010 /* AppDelegate.swift */; };
		5A810A8B262E268300A26010 /* SceneDelegate.swift in Sources */ = {isa = PBXBuildFile; fileRef = 5A810A8A262E268300A26010 /* SceneDelegate.swift */; };
		5A810A8D262E268300A26010 /* ViewController.swift in Sources */ = {isa = PBXBuildFile; fileRef = 5A810A8C262E268300A26010 /* ViewController.swift */; };
		5A810A90262E268300A26010 /* Main.storyboard in Resources */ = {isa = PBXBuildFile; fileRef = 5A810A8E262E268300A26010 /* Main.storyboard */; };
		5A810A92262E268400A26010 /* Assets.xcassets in Resources */ = {isa = PBXBuildFile; fileRef = 5A810A91262E268400A26010 /* Assets.xcassets */; };
		5A810A95262E268400A26010 /* LaunchScreen.storyboard in Resources */ = {isa = PBXBuildFile; fileRef = 5A810A93262E268400A26010 /* LaunchScreen.storyboard */; };
		5A810AA0262E268400A26010 /* infoMarcoTests.swift in Sources */ = {isa = PBXBuildFile; fileRef = 5A810A9F262E268400A26010 /* infoMarcoTests.swift */; };
		5A810AAB262E268400A26010 /* infoMarcoUITests.swift in Sources */ = {isa = PBXBuildFile; fileRef = 5A810AAA262E268400A26010 /* infoMarcoUITests.swift */; };
		5A810ABC262E35E500A26010 /* ViewControllerEventos.swift in Sources */ = {isa = PBXBuildFile; fileRef = 5A810ABB262E35E500A26010 /* ViewControllerEventos.swift */; };
		5A8F3D79264CA46500D19AA5 /* ViewControllerConfig.swift in Sources */ = {isa = PBXBuildFile; fileRef = 5A8F3D78264CA46500D19AA5 /* ViewControllerConfig.swift */; };
		5A9F6144264B9F7A000FF861 /* ViewControllerNoticias.swift in Sources */ = {isa = PBXBuildFile; fileRef = 5A9F6143264B9F7A000FF861 /* ViewControllerNoticias.swift */; };
		5A9F6149264BA03A000FF861 /* ViewControllerRenovacion.swift in Sources */ = {isa = PBXBuildFile; fileRef = 5A9F6148264BA03A000FF861 /* ViewControllerRenovacion.swift */; };
		5A9F614E264BA1B1000FF861 /* ViewControllerReservacion.swift in Sources */ = {isa = PBXBuildFile; fileRef = 5A9F614D264BA1B1000FF861 /* ViewControllerReservacion.swift */; };
		5AA40AB02651B06D00E6989B /* ViewControllerConfirmacionReservacion.swift in Sources */ = {isa = PBXBuildFile; fileRef = 5AA40AAF2651B06D00E6989B /* ViewControllerConfirmacionReservacion.swift */; };
		5ABA96B126504495004A4D55 /* ViewControllerMembresias.swift in Sources */ = {isa = PBXBuildFile; fileRef = 5ABA96B026504495004A4D55 /* ViewControllerMembresias.swift */; };
		5ACFAE1E26506B7600AA5CF8 /* ViewControllerAdminEventos.swift in Sources */ = {isa = PBXBuildFile; fileRef = 5ACFAE1D26506B7600AA5CF8 /* ViewControllerAdminEventos.swift */; };
		5AEA4A682651A7C400FDB010 /* ViewControllerAdminPublicarNoticia.swift in Sources */ = {isa = PBXBuildFile; fileRef = 5AEA4A672651A7C400FDB010 /* ViewControllerAdminPublicarNoticia.swift */; };
		5AEA4A6D2651A8FA00FDB010 /* ViewControllerAdminPublicarPromoBeneficio.swift in Sources */ = {isa = PBXBuildFile; fileRef = 5AEA4A6C2651A8FA00FDB010 /* ViewControllerAdminPublicarPromoBeneficio.swift */; };
		5AF79B0B26508875004D1D4E /* ViewControllerAdminEventosDetalle.swift in Sources */ = {isa = PBXBuildFile; fileRef = 5AF79B0A26508875004D1D4E /* ViewControllerAdminEventosDetalle.swift */; };
		941B0F6B26311DC600C8018B /* ViewControllerInformacionPersonal.swift in Sources */ = {isa = PBXBuildFile; fileRef = 941B0F6A26311DC600C8018B /* ViewControllerInformacionPersonal.swift */; };
		941B0F7926313D1B00C8018B /* ViewControllerLectorEventos.swift in Sources */ = {isa = PBXBuildFile; fileRef = 941B0F7826313D1B00C8018B /* ViewControllerLectorEventos.swift */; };
		941B0F7E26313DDD00C8018B /* ViewControllerQRScanner.swift in Sources */ = {isa = PBXBuildFile; fileRef = 941B0F7D26313DDD00C8018B /* ViewControllerQRScanner.swift */; };
/* End PBXBuildFile section */

/* Begin PBXContainerItemProxy section */
		5A810A9C262E268400A26010 /* PBXContainerItemProxy */ = {
			isa = PBXContainerItemProxy;
			containerPortal = 5A810A7D262E268300A26010 /* Project object */;
			proxyType = 1;
			remoteGlobalIDString = 5A810A84262E268300A26010;
			remoteInfo = infoMarco;
		};
		5A810AA7262E268400A26010 /* PBXContainerItemProxy */ = {
			isa = PBXContainerItemProxy;
			containerPortal = 5A810A7D262E268300A26010 /* Project object */;
			proxyType = 1;
			remoteGlobalIDString = 5A810A84262E268300A26010;
			remoteInfo = infoMarco;
		};
/* End PBXContainerItemProxy section */

/* Begin PBXFileReference section */
		5216A83C2652B69A00C0850C /* PromocionesyBeneficios.swift */ = {isa = PBXFileReference; lastKnownFileType = sourcecode.swift; name = PromocionesyBeneficios.swift; path = infoMarcoObjetos/PromocionesyBeneficios.swift; sourceTree = "<group>"; };
		5216A8412652B96800C0850C /* TableViewCellPromocionesyBeneficios.swift */ = {isa = PBXFileReference; lastKnownFileType = sourcecode.swift; path = TableViewCellPromocionesyBeneficios.swift; sourceTree = "<group>"; };
		5216A8462652C4C900C0850C /* Noticia.swift */ = {isa = PBXFileReference; lastKnownFileType = sourcecode.swift; path = Noticia.swift; sourceTree = "<group>"; };
		5216A84B2652C76C00C0850C /* TableViewCellNoticias.swift */ = {isa = PBXFileReference; lastKnownFileType = sourcecode.swift; path = TableViewCellNoticias.swift; sourceTree = "<group>"; };
		5216A8502652D72200C0850C /* Eventos.swift */ = {isa = PBXFileReference; lastKnownFileType = sourcecode.swift; path = Eventos.swift; sourceTree = "<group>"; };
		5216A8552652D7E500C0850C /* TableViewCellEventos.swift */ = {isa = PBXFileReference; lastKnownFileType = sourcecode.swift; path = TableViewCellEventos.swift; sourceTree = "<group>"; };
		526F9C742630CD7C005567ED /* ViewControllerPromoBeneficios.swift */ = {isa = PBXFileReference; lastKnownFileType = sourcecode.swift; path = ViewControllerPromoBeneficios.swift; sourceTree = "<group>"; };
		5A51EE4D2650A29E0051E11B /* ViewControllerAdminPublicarEvento.swift */ = {isa = PBXFileReference; lastKnownFileType = sourcecode.swift; path = ViewControllerAdminPublicarEvento.swift; sourceTree = "<group>"; };
		5A51EE522650A9750051E11B /* ViewControllerAdminNoticias.swift */ = {isa = PBXFileReference; lastKnownFileType = sourcecode.swift; path = ViewControllerAdminNoticias.swift; sourceTree = "<group>"; };
		5A51EE572650A9EA0051E11B /* ViewControllerAdminNoticiasDetalle.swift */ = {isa = PBXFileReference; lastKnownFileType = sourcecode.swift; path = ViewControllerAdminNoticiasDetalle.swift; sourceTree = "<group>"; };
		5A51EE5C2650AC2B0051E11B /* ViewControllerAdminPromoBeneficios.swift */ = {isa = PBXFileReference; lastKnownFileType = sourcecode.swift; path = ViewControllerAdminPromoBeneficios.swift; sourceTree = "<group>"; };
		5A51EE612650AF140051E11B /* ViewControllerAdminPromosBeneficiosDetalle.swift */ = {isa = PBXFileReference; lastKnownFileType = sourcecode.swift; path = ViewControllerAdminPromosBeneficiosDetalle.swift; sourceTree = "<group>"; };
		5A810A85262E268300A26010 /* infoMarco.app */ = {isa = PBXFileReference; explicitFileType = wrapper.application; includeInIndex = 0; path = infoMarco.app; sourceTree = BUILT_PRODUCTS_DIR; };
		5A810A88262E268300A26010 /* AppDelegate.swift */ = {isa = PBXFileReference; lastKnownFileType = sourcecode.swift; path = AppDelegate.swift; sourceTree = "<group>"; };
		5A810A8A262E268300A26010 /* SceneDelegate.swift */ = {isa = PBXFileReference; lastKnownFileType = sourcecode.swift; path = SceneDelegate.swift; sourceTree = "<group>"; };
		5A810A8C262E268300A26010 /* ViewController.swift */ = {isa = PBXFileReference; lastKnownFileType = sourcecode.swift; path = ViewController.swift; sourceTree = "<group>"; };
		5A810A8F262E268300A26010 /* Base */ = {isa = PBXFileReference; lastKnownFileType = file.storyboard; name = Base; path = Base.lproj/Main.storyboard; sourceTree = "<group>"; };
		5A810A91262E268400A26010 /* Assets.xcassets */ = {isa = PBXFileReference; lastKnownFileType = folder.assetcatalog; path = Assets.xcassets; sourceTree = "<group>"; };
		5A810A94262E268400A26010 /* Base */ = {isa = PBXFileReference; lastKnownFileType = file.storyboard; name = Base; path = Base.lproj/LaunchScreen.storyboard; sourceTree = "<group>"; };
		5A810A96262E268400A26010 /* Info.plist */ = {isa = PBXFileReference; lastKnownFileType = text.plist.xml; path = Info.plist; sourceTree = "<group>"; };
		5A810A9B262E268400A26010 /* infoMarcoTests.xctest */ = {isa = PBXFileReference; explicitFileType = wrapper.cfbundle; includeInIndex = 0; path = infoMarcoTests.xctest; sourceTree = BUILT_PRODUCTS_DIR; };
		5A810A9F262E268400A26010 /* infoMarcoTests.swift */ = {isa = PBXFileReference; lastKnownFileType = sourcecode.swift; path = infoMarcoTests.swift; sourceTree = "<group>"; };
		5A810AA1262E268400A26010 /* Info.plist */ = {isa = PBXFileReference; lastKnownFileType = text.plist.xml; path = Info.plist; sourceTree = "<group>"; };
		5A810AA6262E268400A26010 /* infoMarcoUITests.xctest */ = {isa = PBXFileReference; explicitFileType = wrapper.cfbundle; includeInIndex = 0; path = infoMarcoUITests.xctest; sourceTree = BUILT_PRODUCTS_DIR; };
		5A810AAA262E268400A26010 /* infoMarcoUITests.swift */ = {isa = PBXFileReference; lastKnownFileType = sourcecode.swift; path = infoMarcoUITests.swift; sourceTree = "<group>"; };
		5A810AAC262E268400A26010 /* Info.plist */ = {isa = PBXFileReference; lastKnownFileType = text.plist.xml; path = Info.plist; sourceTree = "<group>"; };
		5A810ABB262E35E500A26010 /* ViewControllerEventos.swift */ = {isa = PBXFileReference; lastKnownFileType = sourcecode.swift; path = ViewControllerEventos.swift; sourceTree = "<group>"; };
		5A8F3D78264CA46500D19AA5 /* ViewControllerConfig.swift */ = {isa = PBXFileReference; lastKnownFileType = sourcecode.swift; path = ViewControllerConfig.swift; sourceTree = "<group>"; };
		5A9F6143264B9F7A000FF861 /* ViewControllerNoticias.swift */ = {isa = PBXFileReference; lastKnownFileType = sourcecode.swift; path = ViewControllerNoticias.swift; sourceTree = "<group>"; };
		5A9F6148264BA03A000FF861 /* ViewControllerRenovacion.swift */ = {isa = PBXFileReference; lastKnownFileType = sourcecode.swift; path = ViewControllerRenovacion.swift; sourceTree = "<group>"; };
		5A9F614D264BA1B1000FF861 /* ViewControllerReservacion.swift */ = {isa = PBXFileReference; lastKnownFileType = sourcecode.swift; path = ViewControllerReservacion.swift; sourceTree = "<group>"; };
		5AA40AAF2651B06D00E6989B /* ViewControllerConfirmacionReservacion.swift */ = {isa = PBXFileReference; lastKnownFileType = sourcecode.swift; path = ViewControllerConfirmacionReservacion.swift; sourceTree = "<group>"; };
		5ABA96B026504495004A4D55 /* ViewControllerMembresias.swift */ = {isa = PBXFileReference; lastKnownFileType = sourcecode.swift; path = ViewControllerMembresias.swift; sourceTree = "<group>"; };
		5ACFAE1D26506B7600AA5CF8 /* ViewControllerAdminEventos.swift */ = {isa = PBXFileReference; lastKnownFileType = sourcecode.swift; path = ViewControllerAdminEventos.swift; sourceTree = "<group>"; };
		5AEA4A672651A7C400FDB010 /* ViewControllerAdminPublicarNoticia.swift */ = {isa = PBXFileReference; lastKnownFileType = sourcecode.swift; path = ViewControllerAdminPublicarNoticia.swift; sourceTree = "<group>"; };
		5AEA4A6C2651A8FA00FDB010 /* ViewControllerAdminPublicarPromoBeneficio.swift */ = {isa = PBXFileReference; lastKnownFileType = sourcecode.swift; path = ViewControllerAdminPublicarPromoBeneficio.swift; sourceTree = "<group>"; };
		5AF79B0A26508875004D1D4E /* ViewControllerAdminEventosDetalle.swift */ = {isa = PBXFileReference; lastKnownFileType = sourcecode.swift; path = ViewControllerAdminEventosDetalle.swift; sourceTree = "<group>"; };
		941B0F6A26311DC600C8018B /* ViewControllerInformacionPersonal.swift */ = {isa = PBXFileReference; lastKnownFileType = sourcecode.swift; path = ViewControllerInformacionPersonal.swift; sourceTree = "<group>"; };
		941B0F7826313D1B00C8018B /* ViewControllerLectorEventos.swift */ = {isa = PBXFileReference; lastKnownFileType = sourcecode.swift; path = ViewControllerLectorEventos.swift; sourceTree = "<group>"; };
		941B0F7D26313DDD00C8018B /* ViewControllerQRScanner.swift */ = {isa = PBXFileReference; lastKnownFileType = sourcecode.swift; path = ViewControllerQRScanner.swift; sourceTree = "<group>"; };
/* End PBXFileReference section */

/* Begin PBXFrameworksBuildPhase section */
		5A810A82262E268300A26010 /* Frameworks */ = {
			isa = PBXFrameworksBuildPhase;
			buildActionMask = 2147483647;
			files = (
			);
			runOnlyForDeploymentPostprocessing = 0;
		};
		5A810A98262E268400A26010 /* Frameworks */ = {
			isa = PBXFrameworksBuildPhase;
			buildActionMask = 2147483647;
			files = (
			);
			runOnlyForDeploymentPostprocessing = 0;
		};
		5A810AA3262E268400A26010 /* Frameworks */ = {
			isa = PBXFrameworksBuildPhase;
			buildActionMask = 2147483647;
			files = (
			);
			runOnlyForDeploymentPostprocessing = 0;
		};
/* End PBXFrameworksBuildPhase section */

/* Begin PBXGroup section */
		5A810A7C262E268300A26010 = {
			isa = PBXGroup;
			children = (
				5A810A87262E268300A26010 /* infoMarco */,
				5A810A9E262E268400A26010 /* infoMarcoTests */,
				5A810AA9262E268400A26010 /* infoMarcoUITests */,
				5A810A86262E268300A26010 /* Products */,
			);
			sourceTree = "<group>";
		};
		5A810A86262E268300A26010 /* Products */ = {
			isa = PBXGroup;
			children = (
				5A810A85262E268300A26010 /* infoMarco.app */,
				5A810A9B262E268400A26010 /* infoMarcoTests.xctest */,
				5A810AA6262E268400A26010 /* infoMarcoUITests.xctest */,
			);
			name = Products;
			sourceTree = "<group>";
		};
		5A810A87262E268300A26010 /* infoMarco */ = {
			isa = PBXGroup;
			children = (
				5AEA4A6C2651A8FA00FDB010 /* ViewControllerAdminPublicarPromoBeneficio.swift */,
				5AEA4A672651A7C400FDB010 /* ViewControllerAdminPublicarNoticia.swift */,
				5A51EE612650AF140051E11B /* ViewControllerAdminPromosBeneficiosDetalle.swift */,
				5A810A88262E268300A26010 /* AppDelegate.swift */,
				5A810A8A262E268300A26010 /* SceneDelegate.swift */,
				5A810A8C262E268300A26010 /* ViewController.swift */,
				5A810A8E262E268300A26010 /* Main.storyboard */,
				5216A8552652D7E500C0850C /* TableViewCellEventos.swift */,
				5216A8502652D72200C0850C /* Eventos.swift */,
				5216A8462652C4C900C0850C /* Noticia.swift */,
				5216A8412652B96800C0850C /* TableViewCellPromocionesyBeneficios.swift */,
				5216A84B2652C76C00C0850C /* TableViewCellNoticias.swift */,
				5216A83C2652B69A00C0850C /* PromocionesyBeneficios.swift */,
				5AA40AAF2651B06D00E6989B /* ViewControllerConfirmacionReservacion.swift */,
				5A51EE5C2650AC2B0051E11B /* ViewControllerAdminPromoBeneficios.swift */,
				5A51EE572650A9EA0051E11B /* ViewControllerAdminNoticiasDetalle.swift */,
				5A51EE522650A9750051E11B /* ViewControllerAdminNoticias.swift */,
				5A51EE4D2650A29E0051E11B /* ViewControllerAdminPublicarEvento.swift */,
				5AF79B0A26508875004D1D4E /* ViewControllerAdminEventosDetalle.swift */,
				5ACFAE1D26506B7600AA5CF8 /* ViewControllerAdminEventos.swift */,
				5ABA96B026504495004A4D55 /* ViewControllerMembresias.swift */,
				5A8F3D78264CA46500D19AA5 /* ViewControllerConfig.swift */,
				5A9F614D264BA1B1000FF861 /* ViewControllerReservacion.swift */,
				5A9F6148264BA03A000FF861 /* ViewControllerRenovacion.swift */,
				5A9F6143264B9F7A000FF861 /* ViewControllerNoticias.swift */,
				941B0F7D26313DDD00C8018B /* ViewControllerQRScanner.swift */,
				941B0F7826313D1B00C8018B /* ViewControllerLectorEventos.swift */,
				941B0F6A26311DC600C8018B /* ViewControllerInformacionPersonal.swift */,
				5A810ABB262E35E500A26010 /* ViewControllerEventos.swift */,
				5A810A91262E268400A26010 /* Assets.xcassets */,
				5A810A93262E268400A26010 /* LaunchScreen.storyboard */,
				5A810A96262E268400A26010 /* Info.plist */,
				526F9C742630CD7C005567ED /* ViewControllerPromoBeneficios.swift */,
			);
			path = infoMarco;
			sourceTree = "<group>";
		};
		5A810A9E262E268400A26010 /* infoMarcoTests */ = {
			isa = PBXGroup;
			children = (
				5A810A9F262E268400A26010 /* infoMarcoTests.swift */,
				5A810AA1262E268400A26010 /* Info.plist */,
			);
			path = infoMarcoTests;
			sourceTree = "<group>";
		};
		5A810AA9262E268400A26010 /* infoMarcoUITests */ = {
			isa = PBXGroup;
			children = (
				5A810AAA262E268400A26010 /* infoMarcoUITests.swift */,
				5A810AAC262E268400A26010 /* Info.plist */,
			);
			path = infoMarcoUITests;
			sourceTree = "<group>";
		};
/* End PBXGroup section */

/* Begin PBXNativeTarget section */
		5A810A84262E268300A26010 /* infoMarco */ = {
			isa = PBXNativeTarget;
			buildConfigurationList = 5A810AAF262E268400A26010 /* Build configuration list for PBXNativeTarget "infoMarco" */;
			buildPhases = (
				5A810A81262E268300A26010 /* Sources */,
				5A810A82262E268300A26010 /* Frameworks */,
				5A810A83262E268300A26010 /* Resources */,
			);
			buildRules = (
			);
			dependencies = (
			);
			name = infoMarco;
			productName = infoMarco;
			productReference = 5A810A85262E268300A26010 /* infoMarco.app */;
			productType = "com.apple.product-type.application";
		};
		5A810A9A262E268400A26010 /* infoMarcoTests */ = {
			isa = PBXNativeTarget;
			buildConfigurationList = 5A810AB2262E268400A26010 /* Build configuration list for PBXNativeTarget "infoMarcoTests" */;
			buildPhases = (
				5A810A97262E268400A26010 /* Sources */,
				5A810A98262E268400A26010 /* Frameworks */,
				5A810A99262E268400A26010 /* Resources */,
			);
			buildRules = (
			);
			dependencies = (
				5A810A9D262E268400A26010 /* PBXTargetDependency */,
			);
			name = infoMarcoTests;
			productName = infoMarcoTests;
			productReference = 5A810A9B262E268400A26010 /* infoMarcoTests.xctest */;
			productType = "com.apple.product-type.bundle.unit-test";
		};
		5A810AA5262E268400A26010 /* infoMarcoUITests */ = {
			isa = PBXNativeTarget;
			buildConfigurationList = 5A810AB5262E268400A26010 /* Build configuration list for PBXNativeTarget "infoMarcoUITests" */;
			buildPhases = (
				5A810AA2262E268400A26010 /* Sources */,
				5A810AA3262E268400A26010 /* Frameworks */,
				5A810AA4262E268400A26010 /* Resources */,
			);
			buildRules = (
			);
			dependencies = (
				5A810AA8262E268400A26010 /* PBXTargetDependency */,
			);
			name = infoMarcoUITests;
			productName = infoMarcoUITests;
			productReference = 5A810AA6262E268400A26010 /* infoMarcoUITests.xctest */;
			productType = "com.apple.product-type.bundle.ui-testing";
		};
/* End PBXNativeTarget section */

/* Begin PBXProject section */
		5A810A7D262E268300A26010 /* Project object */ = {
			isa = PBXProject;
			attributes = {
				LastSwiftUpdateCheck = 1240;
				LastUpgradeCheck = 1240;
				TargetAttributes = {
					5A810A84262E268300A26010 = {
						CreatedOnToolsVersion = 12.4;
					};
					5A810A9A262E268400A26010 = {
						CreatedOnToolsVersion = 12.4;
						TestTargetID = 5A810A84262E268300A26010;
					};
					5A810AA5262E268400A26010 = {
						CreatedOnToolsVersion = 12.4;
						TestTargetID = 5A810A84262E268300A26010;
					};
				};
			};
			buildConfigurationList = 5A810A80262E268300A26010 /* Build configuration list for PBXProject "infoMarco" */;
			compatibilityVersion = "Xcode 9.3";
			developmentRegion = en;
			hasScannedForEncodings = 0;
			knownRegions = (
				en,
				Base,
			);
			mainGroup = 5A810A7C262E268300A26010;
			productRefGroup = 5A810A86262E268300A26010 /* Products */;
			projectDirPath = "";
			projectRoot = "";
			targets = (
				5A810A84262E268300A26010 /* infoMarco */,
				5A810A9A262E268400A26010 /* infoMarcoTests */,
				5A810AA5262E268400A26010 /* infoMarcoUITests */,
			);
		};
/* End PBXProject section */

/* Begin PBXResourcesBuildPhase section */
		5A810A83262E268300A26010 /* Resources */ = {
			isa = PBXResourcesBuildPhase;
			buildActionMask = 2147483647;
			files = (
				5A810A95262E268400A26010 /* LaunchScreen.storyboard in Resources */,
				5A810A92262E268400A26010 /* Assets.xcassets in Resources */,
				5A810A90262E268300A26010 /* Main.storyboard in Resources */,
			);
			runOnlyForDeploymentPostprocessing = 0;
		};
		5A810A99262E268400A26010 /* Resources */ = {
			isa = PBXResourcesBuildPhase;
			buildActionMask = 2147483647;
			files = (
			);
			runOnlyForDeploymentPostprocessing = 0;
		};
		5A810AA4262E268400A26010 /* Resources */ = {
			isa = PBXResourcesBuildPhase;
			buildActionMask = 2147483647;
			files = (
			);
			runOnlyForDeploymentPostprocessing = 0;
		};
/* End PBXResourcesBuildPhase section */

/* Begin PBXSourcesBuildPhase section */
		5A810A81262E268300A26010 /* Sources */ = {
			isa = PBXSourcesBuildPhase;
			buildActionMask = 2147483647;
			files = (
				5216A8512652D72300C0850C /* Eventos.swift in Sources */,
				5A9F6144264B9F7A000FF861 /* ViewControllerNoticias.swift in Sources */,
				5216A8472652C4C900C0850C /* Noticia.swift in Sources */,
				5AEA4A6D2651A8FA00FDB010 /* ViewControllerAdminPublicarPromoBeneficio.swift in Sources */,
				941B0F7E26313DDD00C8018B /* ViewControllerQRScanner.swift in Sources */,
				5A51EE5D2650AC2B0051E11B /* ViewControllerAdminPromoBeneficios.swift in Sources */,
				5ACFAE1E26506B7600AA5CF8 /* ViewControllerAdminEventos.swift in Sources */,
				941B0F7926313D1B00C8018B /* ViewControllerLectorEventos.swift in Sources */,
				5A51EE622650AF140051E11B /* ViewControllerAdminPromosBeneficiosDetalle.swift in Sources */,
				5A810A8D262E268300A26010 /* ViewController.swift in Sources */,
				5A51EE532650A9750051E11B /* ViewControllerAdminNoticias.swift in Sources */,
				5ABA96B126504495004A4D55 /* ViewControllerMembresias.swift in Sources */,
				5A9F614E264BA1B1000FF861 /* ViewControllerReservacion.swift in Sources */,
				941B0F6B26311DC600C8018B /* ViewControllerInformacionPersonal.swift in Sources */,
				5A8F3D79264CA46500D19AA5 /* ViewControllerConfig.swift in Sources */,
				5AEA4A682651A7C400FDB010 /* ViewControllerAdminPublicarNoticia.swift in Sources */,
				5AA40AB02651B06D00E6989B /* ViewControllerConfirmacionReservacion.swift in Sources */,
				5216A8562652D7E500C0850C /* TableViewCellEventos.swift in Sources */,
				5A810ABC262E35E500A26010 /* ViewControllerEventos.swift in Sources */,
				526F9C752630CD7C005567ED /* ViewControllerPromoBeneficios.swift in Sources */,
				5AF79B0B26508875004D1D4E /* ViewControllerAdminEventosDetalle.swift in Sources */,
				5A810A89262E268300A26010 /* AppDelegate.swift in Sources */,
				5A51EE582650A9EA0051E11B /* ViewControllerAdminNoticiasDetalle.swift in Sources */,
				5216A8422652B96800C0850C /* TableViewCellPromocionesyBeneficios.swift in Sources */,
				5216A84C2652C76C00C0850C /* TableViewCellNoticias.swift in Sources */,
				5A51EE4E2650A29E0051E11B /* ViewControllerAdminPublicarEvento.swift in Sources */,
				5216A83D2652B69A00C0850C /* PromocionesyBeneficios.swift in Sources */,
				5A9F6149264BA03A000FF861 /* ViewControllerRenovacion.swift in Sources */,
				5A810A8B262E268300A26010 /* SceneDelegate.swift in Sources */,
			);
			runOnlyForDeploymentPostprocessing = 0;
		};
		5A810A97262E268400A26010 /* Sources */ = {
			isa = PBXSourcesBuildPhase;
			buildActionMask = 2147483647;
			files = (
				5A810AA0262E268400A26010 /* infoMarcoTests.swift in Sources */,
			);
			runOnlyForDeploymentPostprocessing = 0;
		};
		5A810AA2262E268400A26010 /* Sources */ = {
			isa = PBXSourcesBuildPhase;
			buildActionMask = 2147483647;
			files = (
				5A810AAB262E268400A26010 /* infoMarcoUITests.swift in Sources */,
			);
			runOnlyForDeploymentPostprocessing = 0;
		};
/* End PBXSourcesBuildPhase section */

/* Begin PBXTargetDependency section */
		5A810A9D262E268400A26010 /* PBXTargetDependency */ = {
			isa = PBXTargetDependency;
			target = 5A810A84262E268300A26010 /* infoMarco */;
			targetProxy = 5A810A9C262E268400A26010 /* PBXContainerItemProxy */;
		};
		5A810AA8262E268400A26010 /* PBXTargetDependency */ = {
			isa = PBXTargetDependency;
			target = 5A810A84262E268300A26010 /* infoMarco */;
			targetProxy = 5A810AA7262E268400A26010 /* PBXContainerItemProxy */;
		};
/* End PBXTargetDependency section */

/* Begin PBXVariantGroup section */
		5A810A8E262E268300A26010 /* Main.storyboard */ = {
			isa = PBXVariantGroup;
			children = (
				5A810A8F262E268300A26010 /* Base */,
			);
			name = Main.storyboard;
			sourceTree = "<group>";
		};
		5A810A93262E268400A26010 /* LaunchScreen.storyboard */ = {
			isa = PBXVariantGroup;
			children = (
				5A810A94262E268400A26010 /* Base */,
			);
			name = LaunchScreen.storyboard;
			sourceTree = "<group>";
		};
/* End PBXVariantGroup section */

/* Begin XCBuildConfiguration section */
		5A810AAD262E268400A26010 /* Debug */ = {
			isa = XCBuildConfiguration;
			buildSettings = {
				ALWAYS_SEARCH_USER_PATHS = NO;
				CLANG_ANALYZER_NONNULL = YES;
				CLANG_ANALYZER_NUMBER_OBJECT_CONVERSION = YES_AGGRESSIVE;
				CLANG_CXX_LANGUAGE_STANDARD = "gnu++14";
				CLANG_CXX_LIBRARY = "libc++";
				CLANG_ENABLE_MODULES = YES;
				CLANG_ENABLE_OBJC_ARC = YES;
				CLANG_ENABLE_OBJC_WEAK = YES;
				CLANG_WARN_BLOCK_CAPTURE_AUTORELEASING = YES;
				CLANG_WARN_BOOL_CONVERSION = YES;
				CLANG_WARN_COMMA = YES;
				CLANG_WARN_CONSTANT_CONVERSION = YES;
				CLANG_WARN_DEPRECATED_OBJC_IMPLEMENTATIONS = YES;
				CLANG_WARN_DIRECT_OBJC_ISA_USAGE = YES_ERROR;
				CLANG_WARN_DOCUMENTATION_COMMENTS = YES;
				CLANG_WARN_EMPTY_BODY = YES;
				CLANG_WARN_ENUM_CONVERSION = YES;
				CLANG_WARN_INFINITE_RECURSION = YES;
				CLANG_WARN_INT_CONVERSION = YES;
				CLANG_WARN_NON_LITERAL_NULL_CONVERSION = YES;
				CLANG_WARN_OBJC_IMPLICIT_RETAIN_SELF = YES;
				CLANG_WARN_OBJC_LITERAL_CONVERSION = YES;
				CLANG_WARN_OBJC_ROOT_CLASS = YES_ERROR;
				CLANG_WARN_QUOTED_INCLUDE_IN_FRAMEWORK_HEADER = YES;
				CLANG_WARN_RANGE_LOOP_ANALYSIS = YES;
				CLANG_WARN_STRICT_PROTOTYPES = YES;
				CLANG_WARN_SUSPICIOUS_MOVE = YES;
				CLANG_WARN_UNGUARDED_AVAILABILITY = YES_AGGRESSIVE;
				CLANG_WARN_UNREACHABLE_CODE = YES;
				CLANG_WARN__DUPLICATE_METHOD_MATCH = YES;
				COPY_PHASE_STRIP = NO;
				DEBUG_INFORMATION_FORMAT = dwarf;
				ENABLE_STRICT_OBJC_MSGSEND = YES;
				ENABLE_TESTABILITY = YES;
				GCC_C_LANGUAGE_STANDARD = gnu11;
				GCC_DYNAMIC_NO_PIC = NO;
				GCC_NO_COMMON_BLOCKS = YES;
				GCC_OPTIMIZATION_LEVEL = 0;
				GCC_PREPROCESSOR_DEFINITIONS = (
					"DEBUG=1",
					"$(inherited)",
				);
				GCC_WARN_64_TO_32_BIT_CONVERSION = YES;
				GCC_WARN_ABOUT_RETURN_TYPE = YES_ERROR;
				GCC_WARN_UNDECLARED_SELECTOR = YES;
				GCC_WARN_UNINITIALIZED_AUTOS = YES_AGGRESSIVE;
				GCC_WARN_UNUSED_FUNCTION = YES;
				GCC_WARN_UNUSED_VARIABLE = YES;
				IPHONEOS_DEPLOYMENT_TARGET = 14.4;
				MTL_ENABLE_DEBUG_INFO = INCLUDE_SOURCE;
				MTL_FAST_MATH = YES;
				ONLY_ACTIVE_ARCH = YES;
				SDKROOT = iphoneos;
				SWIFT_ACTIVE_COMPILATION_CONDITIONS = DEBUG;
				SWIFT_OPTIMIZATION_LEVEL = "-Onone";
			};
			name = Debug;
		};
		5A810AAE262E268400A26010 /* Release */ = {
			isa = XCBuildConfiguration;
			buildSettings = {
				ALWAYS_SEARCH_USER_PATHS = NO;
				CLANG_ANALYZER_NONNULL = YES;
				CLANG_ANALYZER_NUMBER_OBJECT_CONVERSION = YES_AGGRESSIVE;
				CLANG_CXX_LANGUAGE_STANDARD = "gnu++14";
				CLANG_CXX_LIBRARY = "libc++";
				CLANG_ENABLE_MODULES = YES;
				CLANG_ENABLE_OBJC_ARC = YES;
				CLANG_ENABLE_OBJC_WEAK = YES;
				CLANG_WARN_BLOCK_CAPTURE_AUTORELEASING = YES;
				CLANG_WARN_BOOL_CONVERSION = YES;
				CLANG_WARN_COMMA = YES;
				CLANG_WARN_CONSTANT_CONVERSION = YES;
				CLANG_WARN_DEPRECATED_OBJC_IMPLEMENTATIONS = YES;
				CLANG_WARN_DIRECT_OBJC_ISA_USAGE = YES_ERROR;
				CLANG_WARN_DOCUMENTATION_COMMENTS = YES;
				CLANG_WARN_EMPTY_BODY = YES;
				CLANG_WARN_ENUM_CONVERSION = YES;
				CLANG_WARN_INFINITE_RECURSION = YES;
				CLANG_WARN_INT_CONVERSION = YES;
				CLANG_WARN_NON_LITERAL_NULL_CONVERSION = YES;
				CLANG_WARN_OBJC_IMPLICIT_RETAIN_SELF = YES;
				CLANG_WARN_OBJC_LITERAL_CONVERSION = YES;
				CLANG_WARN_OBJC_ROOT_CLASS = YES_ERROR;
				CLANG_WARN_QUOTED_INCLUDE_IN_FRAMEWORK_HEADER = YES;
				CLANG_WARN_RANGE_LOOP_ANALYSIS = YES;
				CLANG_WARN_STRICT_PROTOTYPES = YES;
				CLANG_WARN_SUSPICIOUS_MOVE = YES;
				CLANG_WARN_UNGUARDED_AVAILABILITY = YES_AGGRESSIVE;
				CLANG_WARN_UNREACHABLE_CODE = YES;
				CLANG_WARN__DUPLICATE_METHOD_MATCH = YES;
				COPY_PHASE_STRIP = NO;
				DEBUG_INFORMATION_FORMAT = "dwarf-with-dsym";
				ENABLE_NS_ASSERTIONS = NO;
				ENABLE_STRICT_OBJC_MSGSEND = YES;
				GCC_C_LANGUAGE_STANDARD = gnu11;
				GCC_NO_COMMON_BLOCKS = YES;
				GCC_WARN_64_TO_32_BIT_CONVERSION = YES;
				GCC_WARN_ABOUT_RETURN_TYPE = YES_ERROR;
				GCC_WARN_UNDECLARED_SELECTOR = YES;
				GCC_WARN_UNINITIALIZED_AUTOS = YES_AGGRESSIVE;
				GCC_WARN_UNUSED_FUNCTION = YES;
				GCC_WARN_UNUSED_VARIABLE = YES;
				IPHONEOS_DEPLOYMENT_TARGET = 14.4;
				MTL_ENABLE_DEBUG_INFO = NO;
				MTL_FAST_MATH = YES;
				SDKROOT = iphoneos;
				SWIFT_COMPILATION_MODE = wholemodule;
				SWIFT_OPTIMIZATION_LEVEL = "-O";
				VALIDATE_PRODUCT = YES;
			};
			name = Release;
		};
		5A810AB0262E268400A26010 /* Debug */ = {
			isa = XCBuildConfiguration;
			buildSettings = {
				ASSETCATALOG_COMPILER_APPICON_NAME = AppIcon;
				ASSETCATALOG_COMPILER_GLOBAL_ACCENT_COLOR_NAME = AccentColor;
				CODE_SIGN_STYLE = Automatic;
				DEVELOPMENT_TEAM = 6J345HLT3T;
				INFOPLIST_FILE = infoMarco/Info.plist;
				LD_RUNPATH_SEARCH_PATHS = (
					"$(inherited)",
					"@executable_path/Frameworks",
				);
				PRODUCT_BUNDLE_IDENTIFIER = Tec.demoProtocolos;
				PRODUCT_NAME = "$(TARGET_NAME)";
				SWIFT_VERSION = 5.0;
				TARGETED_DEVICE_FAMILY = "1,2";
			};
			name = Debug;
		};
		5A810AB1262E268400A26010 /* Release */ = {
			isa = XCBuildConfiguration;
			buildSettings = {
				ASSETCATALOG_COMPILER_APPICON_NAME = AppIcon;
				ASSETCATALOG_COMPILER_GLOBAL_ACCENT_COLOR_NAME = AccentColor;
				CODE_SIGN_STYLE = Automatic;
				DEVELOPMENT_TEAM = 6J345HLT3T;
				INFOPLIST_FILE = infoMarco/Info.plist;
				LD_RUNPATH_SEARCH_PATHS = (
					"$(inherited)",
					"@executable_path/Frameworks",
				);
				PRODUCT_BUNDLE_IDENTIFIER = Tec.demoProtocolos;
				PRODUCT_NAME = "$(TARGET_NAME)";
				SWIFT_VERSION = 5.0;
				TARGETED_DEVICE_FAMILY = "1,2";
			};
			name = Release;
		};
		5A810AB3262E268400A26010 /* Debug */ = {
			isa = XCBuildConfiguration;
			buildSettings = {
				ALWAYS_EMBED_SWIFT_STANDARD_LIBRARIES = YES;
				BUNDLE_LOADER = "$(TEST_HOST)";
				CODE_SIGN_STYLE = Automatic;
				DEVELOPMENT_TEAM = C693QG82U6;
				INFOPLIST_FILE = infoMarcoTests/Info.plist;
				IPHONEOS_DEPLOYMENT_TARGET = 14.4;
				LD_RUNPATH_SEARCH_PATHS = (
					"$(inherited)",
					"@executable_path/Frameworks",
					"@loader_path/Frameworks",
				);
				PRODUCT_BUNDLE_IDENTIFIER = ITESM.infoMarcoTests;
				PRODUCT_NAME = "$(TARGET_NAME)";
				SWIFT_VERSION = 5.0;
				TARGETED_DEVICE_FAMILY = "1,2";
				TEST_HOST = "$(BUILT_PRODUCTS_DIR)/infoMarco.app/infoMarco";
			};
			name = Debug;
		};
		5A810AB4262E268400A26010 /* Release */ = {
			isa = XCBuildConfiguration;
			buildSettings = {
				ALWAYS_EMBED_SWIFT_STANDARD_LIBRARIES = YES;
				BUNDLE_LOADER = "$(TEST_HOST)";
				CODE_SIGN_STYLE = Automatic;
				DEVELOPMENT_TEAM = C693QG82U6;
				INFOPLIST_FILE = infoMarcoTests/Info.plist;
				IPHONEOS_DEPLOYMENT_TARGET = 14.4;
				LD_RUNPATH_SEARCH_PATHS = (
					"$(inherited)",
					"@executable_path/Frameworks",
					"@loader_path/Frameworks",
				);
				PRODUCT_BUNDLE_IDENTIFIER = ITESM.infoMarcoTests;
				PRODUCT_NAME = "$(TARGET_NAME)";
				SWIFT_VERSION = 5.0;
				TARGETED_DEVICE_FAMILY = "1,2";
				TEST_HOST = "$(BUILT_PRODUCTS_DIR)/infoMarco.app/infoMarco";
			};
			name = Release;
		};
		5A810AB6262E268400A26010 /* Debug */ = {
			isa = XCBuildConfiguration;
			buildSettings = {
				ALWAYS_EMBED_SWIFT_STANDARD_LIBRARIES = YES;
				CODE_SIGN_STYLE = Automatic;
				DEVELOPMENT_TEAM = C693QG82U6;
				INFOPLIST_FILE = infoMarcoUITests/Info.plist;
				LD_RUNPATH_SEARCH_PATHS = (
					"$(inherited)",
					"@executable_path/Frameworks",
					"@loader_path/Frameworks",
				);
				PRODUCT_BUNDLE_IDENTIFIER = ITESM.infoMarcoUITests;
				PRODUCT_NAME = "$(TARGET_NAME)";
				SWIFT_VERSION = 5.0;
				TARGETED_DEVICE_FAMILY = "1,2";
				TEST_TARGET_NAME = infoMarco;
			};
			name = Debug;
		};
		5A810AB7262E268400A26010 /* Release */ = {
			isa = XCBuildConfiguration;
			buildSettings = {
				ALWAYS_EMBED_SWIFT_STANDARD_LIBRARIES = YES;
				CODE_SIGN_STYLE = Automatic;
				DEVELOPMENT_TEAM = C693QG82U6;
				INFOPLIST_FILE = infoMarcoUITests/Info.plist;
				LD_RUNPATH_SEARCH_PATHS = (
					"$(inherited)",
					"@executable_path/Frameworks",
					"@loader_path/Frameworks",
				);
				PRODUCT_BUNDLE_IDENTIFIER = ITESM.infoMarcoUITests;
				PRODUCT_NAME = "$(TARGET_NAME)";
				SWIFT_VERSION = 5.0;
				TARGETED_DEVICE_FAMILY = "1,2";
				TEST_TARGET_NAME = infoMarco;
			};
			name = Release;
		};
/* End XCBuildConfiguration section */

/* Begin XCConfigurationList section */
		5A810A80262E268300A26010 /* Build configuration list for PBXProject "infoMarco" */ = {
			isa = XCConfigurationList;
			buildConfigurations = (
				5A810AAD262E268400A26010 /* Debug */,
				5A810AAE262E268400A26010 /* Release */,
			);
			defaultConfigurationIsVisible = 0;
			defaultConfigurationName = Release;
		};
		5A810AAF262E268400A26010 /* Build configuration list for PBXNativeTarget "infoMarco" */ = {
			isa = XCConfigurationList;
			buildConfigurations = (
				5A810AB0262E268400A26010 /* Debug */,
				5A810AB1262E268400A26010 /* Release */,
			);
			defaultConfigurationIsVisible = 0;
			defaultConfigurationName = Release;
		};
		5A810AB2262E268400A26010 /* Build configuration list for PBXNativeTarget "infoMarcoTests" */ = {
			isa = XCConfigurationList;
			buildConfigurations = (
				5A810AB3262E268400A26010 /* Debug */,
				5A810AB4262E268400A26010 /* Release */,
			);
			defaultConfigurationIsVisible = 0;
			defaultConfigurationName = Release;
		};
		5A810AB5262E268400A26010 /* Build configuration list for PBXNativeTarget "infoMarcoUITests" */ = {
			isa = XCConfigurationList;
			buildConfigurations = (
				5A810AB6262E268400A26010 /* Debug */,
				5A810AB7262E268400A26010 /* Release */,
			);
			defaultConfigurationIsVisible = 0;
			defaultConfigurationName = Release;
		};
/* End XCConfigurationList section */
	};
	rootObject = 5A810A7D262E268300A26010 /* Project object */;
}
